
Microsoft Visual Studio Solution File, Format Version 12.00
# Visual Studio Version 16
VisualStudioVersion = 16.0.30114.105
MinimumVisualStudioVersion = 10.0.40219.1
Project("{2150E333-8FDC-42A3-9474-1A3956D46DE8}") = "ApplicationCore", "ApplicationCore", "{54446889-932F-4D42-B7BC-B4E3178A0CA8}"
EndProject
Project("{FAE04EC0-301F-11D3-BF4B-00C04F79EFBC}") = "EletronicECommerce.Domain", "ApplicationCore\EletronicECommerce.Domain\EletronicECommerce.Domain.csproj", "{174527DA-4FFA-4EC7-8B76-80B77D3B7D01}"
EndProject
Project("{2150E333-8FDC-42A3-9474-1A3956D46DE8}") = "Tests", "Tests", "{BEC62B80-86D6-4BCE-9D4E-D0D3FFE0E1CA}"
EndProject
Project("{FAE04EC0-301F-11D3-BF4B-00C04F79EFBC}") = "EletronicECommerce.UnitTest", "Tests\EletronicECommerce.UnitTest\EletronicECommerce.UnitTest.csproj", "{55B65E4B-E305-40DB-A552-076A1EE97E34}"
EndProject
Project("{FAE04EC0-301F-11D3-BF4B-00C04F79EFBC}") = "EletronicECommerce.UseCase", "ApplicationCore\EletronicECommerce.UseCase\EletronicECommerce.UseCase.csproj", "{5E34A32E-DB3A-4DB8-9C7F-195704AFD9C4}"
EndProject
Project("{2150E333-8FDC-42A3-9474-1A3956D46DE8}") = "Gateway", "Gateway", "{E808237B-79D4-41E4-AECE-96C87CB49BC3}"
EndProject
Project("{FAE04EC0-301F-11D3-BF4B-00C04F79EFBC}") = "EletronicECommerce.Infrastructure", "Gateway\EletronicECommerce.Infrastructure\EletronicECommerce.Infrastructure.csproj", "{9FA43833-98C6-420C-A3DE-C7CE7E99BB66}"
EndProject
Project("{FAE04EC0-301F-11D3-BF4B-00C04F79EFBC}") = "EletronicECommerce.Api", "Gateway\EletronicECommerce.Api\EletronicECommerce.Api.csproj", "{F774558C-097C-4143-B02D-AC99A46D5D6F}"
EndProject
Global
	GlobalSection(SolutionConfigurationPlatforms) = preSolution
		Debug|Any CPU = Debug|Any CPU
		Debug|x64 = Debug|x64
		Debug|x86 = Debug|x86
		Release|Any CPU = Release|Any CPU
		Release|x64 = Release|x64
		Release|x86 = Release|x86
	EndGlobalSection
	GlobalSection(SolutionProperties) = preSolution
		HideSolutionNode = FALSE
	EndGlobalSection
	GlobalSection(ProjectConfigurationPlatforms) = postSolution
		{174527DA-4FFA-4EC7-8B76-80B77D3B7D01}.Debug|Any CPU.ActiveCfg = Debug|Any CPU
		{174527DA-4FFA-4EC7-8B76-80B77D3B7D01}.Debug|Any CPU.Build.0 = Debug|Any CPU
		{174527DA-4FFA-4EC7-8B76-80B77D3B7D01}.Debug|x64.ActiveCfg = Debug|Any CPU
		{174527DA-4FFA-4EC7-8B76-80B77D3B7D01}.Debug|x64.Build.0 = Debug|Any CPU
		{174527DA-4FFA-4EC7-8B76-80B77D3B7D01}.Debug|x86.ActiveCfg = Debug|Any CPU
		{174527DA-4FFA-4EC7-8B76-80B77D3B7D01}.Debug|x86.Build.0 = Debug|Any CPU
		{174527DA-4FFA-4EC7-8B76-80B77D3B7D01}.Release|Any CPU.ActiveCfg = Release|Any CPU
		{174527DA-4FFA-4EC7-8B76-80B77D3B7D01}.Release|Any CPU.Build.0 = Release|Any CPU
		{174527DA-4FFA-4EC7-8B76-80B77D3B7D01}.Release|x64.ActiveCfg = Release|Any CPU
		{174527DA-4FFA-4EC7-8B76-80B77D3B7D01}.Release|x64.Build.0 = Release|Any CPU
		{174527DA-4FFA-4EC7-8B76-80B77D3B7D01}.Release|x86.ActiveCfg = Release|Any CPU
		{174527DA-4FFA-4EC7-8B76-80B77D3B7D01}.Release|x86.Build.0 = Release|Any CPU
		{55B65E4B-E305-40DB-A552-076A1EE97E34}.Debug|Any CPU.ActiveCfg = Debug|Any CPU
		{55B65E4B-E305-40DB-A552-076A1EE97E34}.Debug|Any CPU.Build.0 = Debug|Any CPU
		{55B65E4B-E305-40DB-A552-076A1EE97E34}.Debug|x64.ActiveCfg = Debug|Any CPU
		{55B65E4B-E305-40DB-A552-076A1EE97E34}.Debug|x64.Build.0 = Debug|Any CPU
		{55B65E4B-E305-40DB-A552-076A1EE97E34}.Debug|x86.ActiveCfg = Debug|Any CPU
		{55B65E4B-E305-40DB-A552-076A1EE97E34}.Debug|x86.Build.0 = Debug|Any CPU
		{55B65E4B-E305-40DB-A552-076A1EE97E34}.Release|Any CPU.ActiveCfg = Release|Any CPU
		{55B65E4B-E305-40DB-A552-076A1EE97E34}.Release|Any CPU.Build.0 = Release|Any CPU
		{55B65E4B-E305-40DB-A552-076A1EE97E34}.Release|x64.ActiveCfg = Release|Any CPU
		{55B65E4B-E305-40DB-A552-076A1EE97E34}.Release|x64.Build.0 = Release|Any CPU
		{55B65E4B-E305-40DB-A552-076A1EE97E34}.Release|x86.ActiveCfg = Release|Any CPU
		{55B65E4B-E305-40DB-A552-076A1EE97E34}.Release|x86.Build.0 = Release|Any CPU
		{5E34A32E-DB3A-4DB8-9C7F-195704AFD9C4}.Debug|Any CPU.ActiveCfg = Debug|Any CPU
		{5E34A32E-DB3A-4DB8-9C7F-195704AFD9C4}.Debug|Any CPU.Build.0 = Debug|Any CPU
		{5E34A32E-DB3A-4DB8-9C7F-195704AFD9C4}.Debug|x64.ActiveCfg = Debug|Any CPU
		{5E34A32E-DB3A-4DB8-9C7F-195704AFD9C4}.Debug|x64.Build.0 = Debug|Any CPU
		{5E34A32E-DB3A-4DB8-9C7F-195704AFD9C4}.Debug|x86.ActiveCfg = Debug|Any CPU
		{5E34A32E-DB3A-4DB8-9C7F-195704AFD9C4}.Debug|x86.Build.0 = Debug|Any CPU
		{5E34A32E-DB3A-4DB8-9C7F-195704AFD9C4}.Release|Any CPU.ActiveCfg = Release|Any CPU
		{5E34A32E-DB3A-4DB8-9C7F-195704AFD9C4}.Release|Any CPU.Build.0 = Release|Any CPU
		{5E34A32E-DB3A-4DB8-9C7F-195704AFD9C4}.Release|x64.ActiveCfg = Release|Any CPU
		{5E34A32E-DB3A-4DB8-9C7F-195704AFD9C4}.Release|x64.Build.0 = Release|Any CPU
		{5E34A32E-DB3A-4DB8-9C7F-195704AFD9C4}.Release|x86.ActiveCfg = Release|Any CPU
		{5E34A32E-DB3A-4DB8-9C7F-195704AFD9C4}.Release|x86.Build.0 = Release|Any CPU
		{9FA43833-98C6-420C-A3DE-C7CE7E99BB66}.Debug|Any CPU.ActiveCfg = Debug|Any CPU
		{9FA43833-98C6-420C-A3DE-C7CE7E99BB66}.Debug|Any CPU.Build.0 = Debug|Any CPU
		{9FA43833-98C6-420C-A3DE-C7CE7E99BB66}.Debug|x64.ActiveCfg = Debug|Any CPU
		{9FA43833-98C6-420C-A3DE-C7CE7E99BB66}.Debug|x64.Build.0 = Debug|Any CPU
		{9FA43833-98C6-420C-A3DE-C7CE7E99BB66}.Debug|x86.ActiveCfg = Debug|Any CPU
		{9FA43833-98C6-420C-A3DE-C7CE7E99BB66}.Debug|x86.Build.0 = Debug|Any CPU
		{9FA43833-98C6-420C-A3DE-C7CE7E99BB66}.Release|Any CPU.ActiveCfg = Release|Any CPU
		{9FA43833-98C6-420C-A3DE-C7CE7E99BB66}.Release|Any CPU.Build.0 = Release|Any CPU
		{9FA43833-98C6-420C-A3DE-C7CE7E99BB66}.Release|x64.ActiveCfg = Release|Any CPU
		{9FA43833-98C6-420C-A3DE-C7CE7E99BB66}.Release|x64.Build.0 = Release|Any CPU
		{9FA43833-98C6-420C-A3DE-C7CE7E99BB66}.Release|x86.ActiveCfg = Release|Any CPU
		{9FA43833-98C6-420C-A3DE-C7CE7E99BB66}.Release|x86.Build.0 = Release|Any CPU
		{F774558C-097C-4143-B02D-AC99A46D5D6F}.Debug|Any CPU.ActiveCfg = Debug|Any CPU
		{F774558C-097C-4143-B02D-AC99A46D5D6F}.Debug|Any CPU.Build.0 = Debug|Any CPU
		{F774558C-097C-4143-B02D-AC99A46D5D6F}.Debug|x64.ActiveCfg = Debug|Any CPU
		{F774558C-097C-4143-B02D-AC99A46D5D6F}.Debug|x64.Build.0 = Debug|Any CPU
		{F774558C-097C-4143-B02D-AC99A46D5D6F}.Debug|x86.ActiveCfg = Debug|Any CPU
		{F774558C-097C-4143-B02D-AC99A46D5D6F}.Debug|x86.Build.0 = Debug|Any CPU
		{F774558C-097C-4143-B02D-AC99A46D5D6F}.Release|Any CPU.ActiveCfg = Release|Any CPU
		{F774558C-097C-4143-B02D-AC99A46D5D6F}.Release|Any CPU.Build.0 = Release|Any CPU
		{F774558C-097C-4143-B02D-AC99A46D5D6F}.Release|x64.ActiveCfg = Release|Any CPU
		{F774558C-097C-4143-B02D-AC99A46D5D6F}.Release|x64.Build.0 = Release|Any CPU
		{F774558C-097C-4143-B02D-AC99A46D5D6F}.Release|x86.ActiveCfg = Release|Any CPU
		{F774558C-097C-4143-B02D-AC99A46D5D6F}.Release|x86.Build.0 = Release|Any CPU
	EndGlobalSection
	GlobalSection(NestedProjects) = preSolution
		{174527DA-4FFA-4EC7-8B76-80B77D3B7D01} = {54446889-932F-4D42-B7BC-B4E3178A0CA8}
		{55B65E4B-E305-40DB-A552-076A1EE97E34} = {BEC62B80-86D6-4BCE-9D4E-D0D3FFE0E1CA}
		{5E34A32E-DB3A-4DB8-9C7F-195704AFD9C4} = {54446889-932F-4D42-B7BC-B4E3178A0CA8}
		{9FA43833-98C6-420C-A3DE-C7CE7E99BB66} = {E808237B-79D4-41E4-AECE-96C87CB49BC3}
		{F774558C-097C-4143-B02D-AC99A46D5D6F} = {E808237B-79D4-41E4-AECE-96C87CB49BC3}
	EndGlobalSection
EndGlobal
