
Microsoft Visual Studio Solution File, Format Version 12.00
# Visual Studio Version 16
VisualStudioVersion = 16.0.30114.105
MinimumVisualStudioVersion = 10.0.40219.1
Project("{2150E333-8FDC-42A3-9474-1A3956D46DE8}") = "ApplicationCore", "ApplicationCore", "{54446889-932F-4D42-B7BC-B4E3178A0CA8}"
EndProject
Project("{FAE04EC0-301F-11D3-BF4B-00C04F79EFBC}") = "EletronicECommerce.Domain", "ApplicationCore\EletronicECommerce.Domain\EletronicECommerce.Domain.csproj", "{174527DA-4FFA-4EC7-8B76-80B77D3B7D01}"
EndProject
Global
	GlobalSection(SolutionConfigurationPlatforms) = preSolution
		Debug|Any CPU = Debug|Any CPU
		Debug|x64 = Debug|x64
		Debug|x86 = Debug|x86
		Release|Any CPU = Release|Any CPU
		Release|x64 = Release|x64
		Release|x86 = Release|x86
	EndGlobalSection
	GlobalSection(SolutionProperties) = preSolution
		HideSolutionNode = FALSE
	EndGlobalSection
	GlobalSection(ProjectConfigurationPlatforms) = postSolution
		{174527DA-4FFA-4EC7-8B76-80B77D3B7D01}.Debug|Any CPU.ActiveCfg = Debug|Any CPU
		{174527DA-4FFA-4EC7-8B76-80B77D3B7D01}.Debug|Any CPU.Build.0 = Debug|Any CPU
		{174527DA-4FFA-4EC7-8B76-80B77D3B7D01}.Debug|x64.ActiveCfg = Debug|Any CPU
		{174527DA-4FFA-4EC7-8B76-80B77D3B7D01}.Debug|x64.Build.0 = Debug|Any CPU
		{174527DA-4FFA-4EC7-8B76-80B77D3B7D01}.Debug|x86.ActiveCfg = Debug|Any CPU
		{174527DA-4FFA-4EC7-8B76-80B77D3B7D01}.Debug|x86.Build.0 = Debug|Any CPU
		{174527DA-4FFA-4EC7-8B76-80B77D3B7D01}.Release|Any CPU.ActiveCfg = Release|Any CPU
		{174527DA-4FFA-4EC7-8B76-80B77D3B7D01}.Release|Any CPU.Build.0 = Release|Any CPU
		{174527DA-4FFA-4EC7-8B76-80B77D3B7D01}.Release|x64.ActiveCfg = Release|Any CPU
		{174527DA-4FFA-4EC7-8B76-80B77D3B7D01}.Release|x64.Build.0 = Release|Any CPU
		{174527DA-4FFA-4EC7-8B76-80B77D3B7D01}.Release|x86.ActiveCfg = Release|Any CPU
		{174527DA-4FFA-4EC7-8B76-80B77D3B7D01}.Release|x86.Build.0 = Release|Any CPU
	EndGlobalSection
	GlobalSection(NestedProjects) = preSolution
		{174527DA-4FFA-4EC7-8B76-80B77D3B7D01} = {54446889-932F-4D42-B7BC-B4E3178A0CA8}
	EndGlobalSection
EndGlobal
